// !$*UTF8*$!
{
	archiveVersion = 1;
	classes = {
	};
	objectVersion = 46;
	objects = {

/* Begin PBXFileReference section */
		C7AD773F1D1982ED0059CF07 /* docs */ = {isa = PBXFileReference; lastKnownFileType = folder; path = docs; sourceTree = "<group>"; };
		C7AD77401D1982ED0059CF07 /* EasyAce */ = {isa = PBXFileReference; lastKnownFileType = folder; path = EasyAce; sourceTree = "<group>"; };
		C7AD77411D1982ED0059CF07 /* Web */ = {isa = PBXFileReference; lastKnownFileType = folder; path = Web; sourceTree = "<group>"; };
/* End PBXFileReference section */

/* Begin PBXGroup section */
		C7AD77311D1977760059CF07 = {
			isa = PBXGroup;
			children = (
				C7AD773F1D1982ED0059CF07 /* docs */,
				C7AD77401D1982ED0059CF07 /* EasyAce */,
				C7AD77411D1982ED0059CF07 /* Web */,
			);
			sourceTree = "<group>";
		};
/* End PBXGroup section */

/* Begin PBXProject section */
		C7AD77321D1977760059CF07 /* Project object */ = {
			isa = PBXProject;
			attributes = {
				LastUpgradeCheck = 0710;
			};
			buildConfigurationList = C7AD77351D1977760059CF07 /* Build configuration list for PBXProject "EasyAce" */;
			compatibilityVersion = "Xcode 3.2";
			developmentRegion = English;
			hasScannedForEncodings = 0;
			knownRegions = (
				en,
			);
			mainGroup = C7AD77311D1977760059CF07;
			projectDirPath = "";
			projectRoot = "";
			targets = (
			);
		};
/* End PBXProject section */

/* Begin XCBuildConfiguration section */
		C7AD77361D1977760059CF07 /* Debug */ = {
			isa = XCBuildConfiguration;
			buildSettings = {
			};
			name = Debug;
		};
		C7AD77371D1977760059CF07 /* Release */ = {
			isa = XCBuildConfiguration;
			buildSettings = {
			};
			name = Release;
		};
/* End XCBuildConfiguration section */

/* Begin XCConfigurationList section */
		C7AD77351D1977760059CF07 /* Build configuration list for PBXProject "EasyAce" */ = {
			isa = XCConfigurationList;
			buildConfigurations = (
				C7AD77361D1977760059CF07 /* Debug */,
				C7AD77371D1977760059CF07 /* Release */,
			);
			defaultConfigurationIsVisible = 0;
			defaultConfigurationName = Release;
		};
/* End XCConfigurationList section */
	};
	rootObject = C7AD77321D1977760059CF07 /* Project object */;
}
